
Microsoft Visual Studio Solution File, Format Version 12.00
# Visual Studio Version 17
VisualStudioVersion = 17.9.34622.214
MinimumVisualStudioVersion = 10.0.40219.1
Project("{FAE04EC0-301F-11D3-BF4B-00C04F79EFBC}") = "Silicon", "Silicon\Silicon.csproj", "{2B6AEE29-FD48-4C3E-BB14-FDF921DEA329}"
EndProject
Project("{FAE04EC0-301F-11D3-BF4B-00C04F79EFBC}") = "Infrastructure", "Infrastructure\Infrastructure.csproj", "{92B7FE39-CE05-4C93-AECD-9B97D1E7EB01}"
EndProject
Global
	GlobalSection(SolutionConfigurationPlatforms) = preSolution
		Debug|Any CPU = Debug|Any CPU
		Release|Any CPU = Release|Any CPU
	EndGlobalSection
	GlobalSection(ProjectConfigurationPlatforms) = postSolution
		{2B6AEE29-FD48-4C3E-BB14-FDF921DEA329}.Debug|Any CPU.ActiveCfg = Debug|Any CPU
		{2B6AEE29-FD48-4C3E-BB14-FDF921DEA329}.Debug|Any CPU.Build.0 = Debug|Any CPU
		{2B6AEE29-FD48-4C3E-BB14-FDF921DEA329}.Release|Any CPU.ActiveCfg = Release|Any CPU
		{2B6AEE29-FD48-4C3E-BB14-FDF921DEA329}.Release|Any CPU.Build.0 = Release|Any CPU
		{92B7FE39-CE05-4C93-AECD-9B97D1E7EB01}.Debug|Any CPU.ActiveCfg = Debug|Any CPU
		{92B7FE39-CE05-4C93-AECD-9B97D1E7EB01}.Debug|Any CPU.Build.0 = Debug|Any CPU
		{92B7FE39-CE05-4C93-AECD-9B97D1E7EB01}.Release|Any CPU.ActiveCfg = Release|Any CPU
		{92B7FE39-CE05-4C93-AECD-9B97D1E7EB01}.Release|Any CPU.Build.0 = Release|Any CPU
	EndGlobalSection
	GlobalSection(SolutionProperties) = preSolution
		HideSolutionNode = FALSE
	EndGlobalSection
	GlobalSection(ExtensibilityGlobals) = postSolution
		SolutionGuid = {880EF5DA-A02C-4A42-8D15-5AEFF92B0CD5}
	EndGlobalSection
EndGlobal
